
Microsoft Visual Studio Solution File, Format Version 12.00
# Visual Studio Version 17
VisualStudioVersion = 17.3.32929.385
MinimumVisualStudioVersion = 10.0.40219.1
Project("{FAE04EC0-301F-11D3-BF4B-00C04F79EFBC}") = "testingproject1", "testingproject1\testingproject1.csproj", "{8DD9BFCE-C098-4CCC-924A-4A5F8BDE0BE4}"
EndProject
Global
	GlobalSection(SolutionConfigurationPlatforms) = preSolution
		Debug|Any CPU = Debug|Any CPU
		Release|Any CPU = Release|Any CPU
	EndGlobalSection
	GlobalSection(ProjectConfigurationPlatforms) = postSolution
		{8DD9BFCE-C098-4CCC-924A-4A5F8BDE0BE4}.Debug|Any CPU.ActiveCfg = Debug|Any CPU
		{8DD9BFCE-C098-4CCC-924A-4A5F8BDE0BE4}.Debug|Any CPU.Build.0 = Debug|Any CPU
		{8DD9BFCE-C098-4CCC-924A-4A5F8BDE0BE4}.Release|Any CPU.ActiveCfg = Release|Any CPU
		{8DD9BFCE-C098-4CCC-924A-4A5F8BDE0BE4}.Release|Any CPU.Build.0 = Release|Any CPU
	EndGlobalSection
	GlobalSection(SolutionProperties) = preSolution
		HideSolutionNode = FALSE
	EndGlobalSection
	GlobalSection(ExtensibilityGlobals) = postSolution
		SolutionGuid = {AC28FD34-945E-4800-843B-BE25D0B9BFA6}
	EndGlobalSection
EndGlobal
