
Microsoft Visual Studio Solution File, Format Version 12.00
# Visual Studio Version 17
VisualStudioVersion = 17.3.32929.385
MinimumVisualStudioVersion = 10.0.40219.1
Project("{FAE04EC0-301F-11D3-BF4B-00C04F79EFBC}") = "testingproject", "testingproject\testingproject.csproj", "{A0FE14BD-EAB4-459E-8088-C101FEA1BAD7}"
EndProject
Global
	GlobalSection(SolutionConfigurationPlatforms) = preSolution
		Debug|Any CPU = Debug|Any CPU
		Release|Any CPU = Release|Any CPU
	EndGlobalSection
	GlobalSection(ProjectConfigurationPlatforms) = postSolution
		{A0FE14BD-EAB4-459E-8088-C101FEA1BAD7}.Debug|Any CPU.ActiveCfg = Debug|Any CPU
		{A0FE14BD-EAB4-459E-8088-C101FEA1BAD7}.Debug|Any CPU.Build.0 = Debug|Any CPU
		{A0FE14BD-EAB4-459E-8088-C101FEA1BAD7}.Release|Any CPU.ActiveCfg = Release|Any CPU
		{A0FE14BD-EAB4-459E-8088-C101FEA1BAD7}.Release|Any CPU.Build.0 = Release|Any CPU
	EndGlobalSection
	GlobalSection(SolutionProperties) = preSolution
		HideSolutionNode = FALSE
	EndGlobalSection
	GlobalSection(ExtensibilityGlobals) = postSolution
		SolutionGuid = {38DB3D6C-A0C8-4B63-A0A9-95E61D4E90FE}
	EndGlobalSection
EndGlobal
